
Microsoft Visual Studio Solution File, Format Version 12.00
# Visual Studio 15
VisualStudioVersion = 15.0.28307.168
MinimumVisualStudioVersion = 10.0.40219.1
Project("{FAE04EC0-301F-11D3-BF4B-00C04F79EFBC}") = "Sample", "Sample\Sample.csproj", "{E313C538-B580-456E-8CDF-EB9A6F5D86C4}"
	ProjectSection(ProjectDependencies) = postProject
		{64D8984C-CC26-4935-BFDD-EBF485B3F359} = {64D8984C-CC26-4935-BFDD-EBF485B3F359}
	EndProjectSection
EndProject
Project("{FAE04EC0-301F-11D3-BF4B-00C04F79EFBC}") = "Library", "Library\Library.csproj", "{64D8984C-CC26-4935-BFDD-EBF485B3F359}"
EndProject
Global
	GlobalSection(SolutionConfigurationPlatforms) = preSolution
		Debug|Any CPU = Debug|Any CPU
		Release|Any CPU = Release|Any CPU
	EndGlobalSection
	GlobalSection(ProjectConfigurationPlatforms) = postSolution
		{E313C538-B580-456E-8CDF-EB9A6F5D86C4}.Debug|Any CPU.ActiveCfg = Debug|Any CPU
		{E313C538-B580-456E-8CDF-EB9A6F5D86C4}.Debug|Any CPU.Build.0 = Debug|Any CPU
		{E313C538-B580-456E-8CDF-EB9A6F5D86C4}.Release|Any CPU.ActiveCfg = Release|Any CPU
		{E313C538-B580-456E-8CDF-EB9A6F5D86C4}.Release|Any CPU.Build.0 = Release|Any CPU
		{64D8984C-CC26-4935-BFDD-EBF485B3F359}.Debug|Any CPU.ActiveCfg = Debug|Any CPU
		{64D8984C-CC26-4935-BFDD-EBF485B3F359}.Debug|Any CPU.Build.0 = Debug|Any CPU
		{64D8984C-CC26-4935-BFDD-EBF485B3F359}.Release|Any CPU.ActiveCfg = Release|Any CPU
		{64D8984C-CC26-4935-BFDD-EBF485B3F359}.Release|Any CPU.Build.0 = Release|Any CPU
	EndGlobalSection
	GlobalSection(SolutionProperties) = preSolution
		HideSolutionNode = FALSE
	EndGlobalSection
	GlobalSection(ExtensibilityGlobals) = postSolution
		SolutionGuid = {33431C54-D37D-4ADC-9F94-CEF5B2F0E6AB}
	EndGlobalSection
EndGlobal
